<?xml version="1.0" encoding="utf-8"?>
<Project ToolsVersion="4.0" xmlns="http://schemas.microsoft.com/developer/msbuild/2003">
  <ItemGroup>
    <Filter Include="Pliki źródłowe">
      <UniqueIdentifier>{4FC737F1-C7A5-4376-A066-2A32D752A2FF}</UniqueIdentifier>
      <Extensions>cpp;c;cc;cxx;c++;cppm;ixx;def;odl;idl;hpj;bat;asm;asmx</Extensions>
    </Filter>
    <Filter Include="Pliki nagłówkowe">
      <UniqueIdentifier>{93995380-89BD-4b04-88EB-625FBE52EBFB}</UniqueIdentifier>
      <Extensions>h;hh;hpp;hxx;h++;hm;inl;inc;ipp;xsd</Extensions>
    </Filter>
    <Filter Include="Pliki zasobów">
      <UniqueIdentifier>{67DA6AB6-F800-4c08-8B7A-83BB121AAD01}</UniqueIdentifier>
      <Extensions>rc;ico;cur;bmp;dlg;rc2;rct;bin;rgs;gif;jpg;jpeg;jpe;resx;tiff;tif;png;wav;mfcribbon-ms</Extensions>
    </Filter>
    <Filter Include="Pliki zasobów\tests_GIPF">
      <UniqueIdentifier>{0e8a7abf-7cff-4214-986b-b08102969d6d}</UniqueIdentifier>
    </Filter>
  </ItemGroup>
  <ItemGroup>
    <ClCompile Include="NMKSampleStudentTask.cpp">
      <Filter>Pliki źródłowe</Filter>
    </ClCompile>
    <ClCompile Include="GIPFSampleStudentTask.cpp">
      <Filter>Pliki źródłowe</Filter>
    </ClCompile>
  </ItemGroup>
  <ItemGroup>
    <None Include="tests_GIPF\test.in">
      <Filter>Pliki zasobów\tests_GIPF</Filter>
    </None>
    <None Include="tests_GIPF\test.out">
      <Filter>Pliki zasobów\tests_GIPF</Filter>
    </None>
    <None Include="tests_GIPF\1.in">
      <Filter>Pliki zasobów\tests_GIPF</Filter>
    </None>
    <None Include="tests_GIPF\1.out">
      <Filter>Pliki zasobów\tests_GIPF</Filter>
    </None>
    <None Include="tests_GIPF\2.in">
      <Filter>Pliki zasobów\tests_GIPF</Filter>
    </None>
    <None Include="tests_GIPF\2.out">
      <Filter>Pliki zasobów\tests_GIPF</Filter>
    </None>
    <None Include="tests_GIPF\3.in">
      <Filter>Pliki zasobów\tests_GIPF</Filter>
    </None>
    <None Include="tests_GIPF\3.out">
      <Filter>Pliki zasobów\tests_GIPF</Filter>
    </None>
    <None Include="tests_GIPF\4.in">
      <Filter>Pliki zasobów\tests_GIPF</Filter>
    </None>
    <None Include="tests_GIPF\4.out">
      <Filter>Pliki zasobów\tests_GIPF</Filter>
    </None>
    <None Include="tests_GIPF\5.in">
      <Filter>Pliki zasobów\tests_GIPF</Filter>
    </None>
    <None Include="tests_GIPF\5.out">
      <Filter>Pliki zasobów\tests_GIPF</Filter>
    </None>
  </ItemGroup>
</Project>